
Microsoft Visual Studio Solution File, Format Version 12.00
# Visual Studio Version 17
VisualStudioVersion = 17.8.34511.84
MinimumVisualStudioVersion = 10.0.40219.1
Project("{FAE04EC0-301F-11D3-BF4B-00C04F79EFBC}") = "ExemploAPISCharp", "ExemploAPISCharp\ExemploAPISCharp.csproj", "{8EF79A67-4C3B-42D4-A716-5774C5A297A7}"
EndProject
Global
	GlobalSection(SolutionConfigurationPlatforms) = preSolution
		Debug|Any CPU = Debug|Any CPU
		Release|Any CPU = Release|Any CPU
	EndGlobalSection
	GlobalSection(ProjectConfigurationPlatforms) = postSolution
		{8EF79A67-4C3B-42D4-A716-5774C5A297A7}.Debug|Any CPU.ActiveCfg = Debug|Any CPU
		{8EF79A67-4C3B-42D4-A716-5774C5A297A7}.Debug|Any CPU.Build.0 = Debug|Any CPU
		{8EF79A67-4C3B-42D4-A716-5774C5A297A7}.Release|Any CPU.ActiveCfg = Release|Any CPU
		{8EF79A67-4C3B-42D4-A716-5774C5A297A7}.Release|Any CPU.Build.0 = Release|Any CPU
	EndGlobalSection
	GlobalSection(SolutionProperties) = preSolution
		HideSolutionNode = FALSE
	EndGlobalSection
	GlobalSection(ExtensibilityGlobals) = postSolution
		SolutionGuid = {07D65D0C-27EA-4EA5-B3A2-E97E96E44AF3}
	EndGlobalSection
EndGlobal
